
Microsoft Visual Studio Solution File, Format Version 12.00
# Visual Studio Version 17
VisualStudioVersion = 17.10.34928.147
MinimumVisualStudioVersion = 10.0.40219.1
Project("{FAE04EC0-301F-11D3-BF4B-00C04F79EFBC}") = "Bai1", "Bai1\Bai1.csproj", "{7D461E66-AD6B-4D09-8D25-090B25E34EA9}"
EndProject
Project("{FAE04EC0-301F-11D3-BF4B-00C04F79EFBC}") = "Bai2", "Bai2\Bai2.csproj", "{0DE53158-24E9-443B-B7D6-5B8E7C7FD6DB}"
EndProject
Global
	GlobalSection(SolutionConfigurationPlatforms) = preSolution
		Debug|Any CPU = Debug|Any CPU
		Release|Any CPU = Release|Any CPU
	EndGlobalSection
	GlobalSection(ProjectConfigurationPlatforms) = postSolution
		{7D461E66-AD6B-4D09-8D25-090B25E34EA9}.Debug|Any CPU.ActiveCfg = Debug|Any CPU
		{7D461E66-AD6B-4D09-8D25-090B25E34EA9}.Debug|Any CPU.Build.0 = Debug|Any CPU
		{7D461E66-AD6B-4D09-8D25-090B25E34EA9}.Release|Any CPU.ActiveCfg = Release|Any CPU
		{7D461E66-AD6B-4D09-8D25-090B25E34EA9}.Release|Any CPU.Build.0 = Release|Any CPU
		{0DE53158-24E9-443B-B7D6-5B8E7C7FD6DB}.Debug|Any CPU.ActiveCfg = Debug|Any CPU
		{0DE53158-24E9-443B-B7D6-5B8E7C7FD6DB}.Debug|Any CPU.Build.0 = Debug|Any CPU
		{0DE53158-24E9-443B-B7D6-5B8E7C7FD6DB}.Release|Any CPU.ActiveCfg = Release|Any CPU
		{0DE53158-24E9-443B-B7D6-5B8E7C7FD6DB}.Release|Any CPU.Build.0 = Release|Any CPU
	EndGlobalSection
	GlobalSection(SolutionProperties) = preSolution
		HideSolutionNode = FALSE
	EndGlobalSection
	GlobalSection(ExtensibilityGlobals) = postSolution
		SolutionGuid = {66637F71-1AA5-466E-BD02-3E9192714630}
	EndGlobalSection
EndGlobal
